
Microsoft Visual Studio Solution File, Format Version 11.00
# Visual Studio 2010
Project("{FAE04EC0-301F-11D3-BF4B-00C04F79EFBC}") = "09.04", "Assembly-CSharp.csproj", "{ED2CB86A-FB08-314F-DED6-81B8A415C7B6}"
EndProject
Project("{FAE04EC0-301F-11D3-BF4B-00C04F79EFBC}") = "09.04", "Assembly-CSharp-Editor.csproj", "{3F88C0F7-56D8-E508-23F5-C97B3F01D20B}"
EndProject
Global
	GlobalSection(SolutionConfigurationPlatforms) = preSolution
		Debug|Any CPU = Debug|Any CPU
		Release|Any CPU = Release|Any CPU
	EndGlobalSection
	GlobalSection(ProjectConfigurationPlatforms) = postSolution
		{ED2CB86A-FB08-314F-DED6-81B8A415C7B6}.Debug|Any CPU.ActiveCfg = Debug|Any CPU
		{ED2CB86A-FB08-314F-DED6-81B8A415C7B6}.Debug|Any CPU.Build.0 = Debug|Any CPU
		{ED2CB86A-FB08-314F-DED6-81B8A415C7B6}.Release|Any CPU.ActiveCfg = Release|Any CPU
		{ED2CB86A-FB08-314F-DED6-81B8A415C7B6}.Release|Any CPU.Build.0 = Release|Any CPU
		{3F88C0F7-56D8-E508-23F5-C97B3F01D20B}.Debug|Any CPU.ActiveCfg = Debug|Any CPU
		{3F88C0F7-56D8-E508-23F5-C97B3F01D20B}.Debug|Any CPU.Build.0 = Debug|Any CPU
		{3F88C0F7-56D8-E508-23F5-C97B3F01D20B}.Release|Any CPU.ActiveCfg = Release|Any CPU
		{3F88C0F7-56D8-E508-23F5-C97B3F01D20B}.Release|Any CPU.Build.0 = Release|Any CPU
	EndGlobalSection
	GlobalSection(SolutionProperties) = preSolution
		HideSolutionNode = FALSE
	EndGlobalSection
	GlobalSection(MonoDevelopProperties) = preSolution
		StartupItem = Assembly-CSharp.csproj
	EndGlobalSection
EndGlobal
