
Microsoft Visual Studio Solution File, Format Version 12.00
# Visual Studio 15
Project("{FAE04EC0-301F-11D3-BF4B-00C04F79EFBC}") = "09.06_5pm(나연)", "09.06_5pm(나연).csproj", "{B24AC122-1EE2-2B02-8B40-729C1DCDAFCC}"
EndProject
Project("{FAE04EC0-301F-11D3-BF4B-00C04F79EFBC}") = "09.06_5pm(나연).Editor", "09.06_5pm(나연).Editor.csproj", "{EF4E8A4B-32F9-25C1-E3CE-CCAB7D6966B8}"
EndProject
Global
	GlobalSection(SolutionConfigurationPlatforms) = preSolution
		Debug|Any CPU = Debug|Any CPU
		Release|Any CPU = Release|Any CPU
	EndGlobalSection
	GlobalSection(ProjectConfigurationPlatforms) = postSolution
		{B24AC122-1EE2-2B02-8B40-729C1DCDAFCC}.Debug|Any CPU.ActiveCfg = Debug|Any CPU
		{B24AC122-1EE2-2B02-8B40-729C1DCDAFCC}.Debug|Any CPU.Build.0 = Debug|Any CPU
		{B24AC122-1EE2-2B02-8B40-729C1DCDAFCC}.Release|Any CPU.ActiveCfg = Release|Any CPU
		{B24AC122-1EE2-2B02-8B40-729C1DCDAFCC}.Release|Any CPU.Build.0 = Release|Any CPU
		{EF4E8A4B-32F9-25C1-E3CE-CCAB7D6966B8}.Debug|Any CPU.ActiveCfg = Debug|Any CPU
		{EF4E8A4B-32F9-25C1-E3CE-CCAB7D6966B8}.Debug|Any CPU.Build.0 = Debug|Any CPU
		{EF4E8A4B-32F9-25C1-E3CE-CCAB7D6966B8}.Release|Any CPU.ActiveCfg = Release|Any CPU
		{EF4E8A4B-32F9-25C1-E3CE-CCAB7D6966B8}.Release|Any CPU.Build.0 = Release|Any CPU
	EndGlobalSection
	GlobalSection(SolutionProperties) = preSolution
		HideSolutionNode = FALSE
	EndGlobalSection
EndGlobal
